
Microsoft Visual Studio Solution File, Format Version 12.00
# Visual Studio Version 17
VisualStudioVersion = 17.8.34330.188
MinimumVisualStudioVersion = 10.0.40219.1
Project("{803FD0C6-D64E-4E16-9DC3-1DAEC859A3D2}") = "CT-2400 Terminal", "CT-2400 Terminal\CT-2400 Terminal.vgdbproj", "{D12264D0-14B2-4BC1-A2FF-C5764C79D41C}"
EndProject
Project("{803FD0C6-D64E-4E16-9DC3-1DAEC859A3D2}") = "DummyHost", "DummyHost\DummyHost.vgdbproj", "{E16CE0FB-1920-40C8-A7F9-EDE63EE626C7}"
EndProject
Global
	GlobalSection(SolutionConfigurationPlatforms) = preSolution
		Debug|Raspberry_Pi_Pico = Debug|Raspberry_Pi_Pico
		Release|Raspberry_Pi_Pico = Release|Raspberry_Pi_Pico
	EndGlobalSection
	GlobalSection(ProjectConfigurationPlatforms) = postSolution
		{D12264D0-14B2-4BC1-A2FF-C5764C79D41C}.Debug|Raspberry_Pi_Pico.ActiveCfg = Debug|Raspberry_Pi_Pico
		{D12264D0-14B2-4BC1-A2FF-C5764C79D41C}.Debug|Raspberry_Pi_Pico.Build.0 = Debug|Raspberry_Pi_Pico
		{D12264D0-14B2-4BC1-A2FF-C5764C79D41C}.Release|Raspberry_Pi_Pico.ActiveCfg = Release|Raspberry_Pi_Pico
		{D12264D0-14B2-4BC1-A2FF-C5764C79D41C}.Release|Raspberry_Pi_Pico.Build.0 = Release|Raspberry_Pi_Pico
		{E16CE0FB-1920-40C8-A7F9-EDE63EE626C7}.Debug|Raspberry_Pi_Pico.ActiveCfg = Debug|Raspberry_Pi_Pico
		{E16CE0FB-1920-40C8-A7F9-EDE63EE626C7}.Debug|Raspberry_Pi_Pico.Build.0 = Debug|Raspberry_Pi_Pico
		{E16CE0FB-1920-40C8-A7F9-EDE63EE626C7}.Release|Raspberry_Pi_Pico.ActiveCfg = Release|Raspberry_Pi_Pico
		{E16CE0FB-1920-40C8-A7F9-EDE63EE626C7}.Release|Raspberry_Pi_Pico.Build.0 = Release|Raspberry_Pi_Pico
	EndGlobalSection
	GlobalSection(SolutionProperties) = preSolution
		HideSolutionNode = FALSE
	EndGlobalSection
	GlobalSection(ExtensibilityGlobals) = postSolution
		SolutionGuid = {F906341C-E836-490E-B662-5B5711F59655}
	EndGlobalSection
EndGlobal
