
Microsoft Visual Studio Solution File, Format Version 12.00
# Visual Studio Version 17
VisualStudioVersion = 17.8.34330.188
MinimumVisualStudioVersion = 10.0.40219.1
Project("{803FD0C6-D64E-4E16-9DC3-1DAEC859A3D2}") = "DummyHost", "DummyHost\DummyHost.vgdbproj", "{795054EB-E5E2-4ACF-BCE2-1B19403359A4}"
EndProject
Project("{803FD0C6-D64E-4E16-9DC3-1DAEC859A3D2}") = "CT-2400_Terminal", "CT-2400_Terminal\CT-2400_Terminal.vgdbproj", "{4E812128-C11F-4B6B-840D-91D37F85DB58}"
EndProject
Global
	GlobalSection(SolutionConfigurationPlatforms) = preSolution
		Debug|Raspberry_Pi_Pico = Debug|Raspberry_Pi_Pico
		Release|Raspberry_Pi_Pico = Release|Raspberry_Pi_Pico
	EndGlobalSection
	GlobalSection(ProjectConfigurationPlatforms) = postSolution
		{795054EB-E5E2-4ACF-BCE2-1B19403359A4}.Debug|Raspberry_Pi_Pico.ActiveCfg = Debug|Raspberry_Pi_Pico
		{795054EB-E5E2-4ACF-BCE2-1B19403359A4}.Debug|Raspberry_Pi_Pico.Build.0 = Debug|Raspberry_Pi_Pico
		{795054EB-E5E2-4ACF-BCE2-1B19403359A4}.Release|Raspberry_Pi_Pico.ActiveCfg = Release|Raspberry_Pi_Pico
		{795054EB-E5E2-4ACF-BCE2-1B19403359A4}.Release|Raspberry_Pi_Pico.Build.0 = Release|Raspberry_Pi_Pico
		{4E812128-C11F-4B6B-840D-91D37F85DB58}.Debug|Raspberry_Pi_Pico.ActiveCfg = Debug|Raspberry_Pi_Pico
		{4E812128-C11F-4B6B-840D-91D37F85DB58}.Debug|Raspberry_Pi_Pico.Build.0 = Debug|Raspberry_Pi_Pico
		{4E812128-C11F-4B6B-840D-91D37F85DB58}.Release|Raspberry_Pi_Pico.ActiveCfg = Release|Raspberry_Pi_Pico
		{4E812128-C11F-4B6B-840D-91D37F85DB58}.Release|Raspberry_Pi_Pico.Build.0 = Release|Raspberry_Pi_Pico
	EndGlobalSection
	GlobalSection(SolutionProperties) = preSolution
		HideSolutionNode = FALSE
	EndGlobalSection
	GlobalSection(ExtensibilityGlobals) = postSolution
		SolutionGuid = {F906341C-E836-490E-B662-5B5711F59655}
	EndGlobalSection
EndGlobal
